
Microsoft Visual Studio Solution File, Format Version 12.00
# Visual Studio 15
VisualStudioVersion = 15.0.27703.2042
MinimumVisualStudioVersion = 10.0.40219.1
Project("{FAE04EC0-301F-11D3-BF4B-00C04F79EFBC}") = "CIT265_Bennett_I_A4", "CIT265_Bennett_I_A4\CIT265_Bennett_I_A4.csproj", "{41EE7476-EDFA-42F7-85ED-79E7E30CB3AA}"
EndProject
Global
	GlobalSection(SolutionConfigurationPlatforms) = preSolution
		Debug|Any CPU = Debug|Any CPU
		Release|Any CPU = Release|Any CPU
	EndGlobalSection
	GlobalSection(ProjectConfigurationPlatforms) = postSolution
		{41EE7476-EDFA-42F7-85ED-79E7E30CB3AA}.Debug|Any CPU.ActiveCfg = Debug|Any CPU
		{41EE7476-EDFA-42F7-85ED-79E7E30CB3AA}.Debug|Any CPU.Build.0 = Debug|Any CPU
		{41EE7476-EDFA-42F7-85ED-79E7E30CB3AA}.Release|Any CPU.ActiveCfg = Release|Any CPU
		{41EE7476-EDFA-42F7-85ED-79E7E30CB3AA}.Release|Any CPU.Build.0 = Release|Any CPU
	EndGlobalSection
	GlobalSection(SolutionProperties) = preSolution
		HideSolutionNode = FALSE
	EndGlobalSection
	GlobalSection(ExtensibilityGlobals) = postSolution
		SolutionGuid = {CA431ED1-8DE0-4449-9A7C-4B03038DD65A}
	EndGlobalSection
EndGlobal
